
Microsoft Visual Studio Solution File, Format Version 12.00
# Visual Studio Version 16
VisualStudioVersion = 16.0.31321.278
MinimumVisualStudioVersion = 10.0.40219.1
Project("{FAE04EC0-301F-11D3-BF4B-00C04F79EFBC}") = "lab2", "lab2\lab2.csproj", "{9FEC0EC9-78C3-440E-8167-20D0848C4508}"
EndProject
Global
	GlobalSection(SolutionConfigurationPlatforms) = preSolution
		Debug|Any CPU = Debug|Any CPU
		Release|Any CPU = Release|Any CPU
	EndGlobalSection
	GlobalSection(ProjectConfigurationPlatforms) = postSolution
		{9FEC0EC9-78C3-440E-8167-20D0848C4508}.Debug|Any CPU.ActiveCfg = Debug|Any CPU
		{9FEC0EC9-78C3-440E-8167-20D0848C4508}.Debug|Any CPU.Build.0 = Debug|Any CPU
		{9FEC0EC9-78C3-440E-8167-20D0848C4508}.Release|Any CPU.ActiveCfg = Release|Any CPU
		{9FEC0EC9-78C3-440E-8167-20D0848C4508}.Release|Any CPU.Build.0 = Release|Any CPU
	EndGlobalSection
	GlobalSection(SolutionProperties) = preSolution
		HideSolutionNode = FALSE
	EndGlobalSection
	GlobalSection(ExtensibilityGlobals) = postSolution
		SolutionGuid = {ECD4B44D-9554-416D-8AD7-984AA17144C7}
	EndGlobalSection
EndGlobal
